// !$*UTF8*$!
{
	archiveVersion = 1;
	classes = {};
	objectVersion = 56;
	objects = {

/* Begin PBXBuildFile section */
		A10000000000000000000001 /* main.swift in Sources */ = {isa = PBXBuildFile; fileRef = A20000000000000000000001 /* main.swift */; };
		A10000000000000000000002 /* AppPreferences.swift in Sources */ = {isa = PBXBuildFile; fileRef = A20000000000000000000002 /* AppPreferences.swift */; };
		A10000000000000000000003 /* PeerTransport.swift in Sources */ = {isa = PBXBuildFile; fileRef = A20000000000000000000003 /* PeerTransport.swift */; };
		A10000000000000000000004 /* SettingsWindowController.swift in Sources */ = {isa = PBXBuildFile; fileRef = A20000000000000000000004 /* SettingsWindowController.swift */; };
		A10000000000000000000005 /* USBMonitor.swift in Sources */ = {isa = PBXBuildFile; fileRef = A20000000000000000000005 /* USBMonitor.swift */; };
		A10000000000000000000006 /* AppIcon.icns in Resources */ = {isa = PBXBuildFile; fileRef = A20000000000000000000006 /* AppIcon.icns */; };
		A10000000000000000000007 /* AppIcon.png in Resources */ = {isa = PBXBuildFile; fileRef = A20000000000000000000007 /* AppIcon.png */; };
		A10000000000000000000008 /* AppKit.framework in Frameworks */ = {isa = PBXBuildFile; fileRef = A20000000000000000000009 /* AppKit.framework */; };
		A10000000000000000000009 /* IOKit.framework in Frameworks */ = {isa = PBXBuildFile; fileRef = A2000000000000000000000A /* IOKit.framework */; };
		A1000000000000000000000A /* Network.framework in Frameworks */ = {isa = PBXBuildFile; fileRef = A2000000000000000000000B /* Network.framework */; };
		A1000000000000000000000B /* ServiceManagement.framework in Frameworks */ = {isa = PBXBuildFile; fileRef = A2000000000000000000000C /* ServiceManagement.framework */; };
		A1000000000000000000000D /* XCTest.framework in Frameworks */ = {isa = PBXBuildFile; fileRef = A2000000000000000000000D /* XCTest.framework */; };
		A1000000000000000000000E /* PeerTransport.swift in Sources */ = {isa = PBXBuildFile; fileRef = A20000000000000000000003 /* PeerTransport.swift */; };
		A1000000000000000000000F /* DDCController.swift in Sources */ = {isa = PBXBuildFile; fileRef = A20000000000000000000013 /* DDCController.swift */; };
		A10000000000000000000010 /* NativeDDC.swift in Sources */ = {isa = PBXBuildFile; fileRef = A20000000000000000000014 /* NativeDDC.swift */; };
		A10000000000000000000011 /* CoreDisplay.framework in Frameworks */ = {isa = PBXBuildFile; fileRef = A20000000000000000000016 /* CoreDisplay.framework */; };
		A10000000000000000000012 /* DisplayConfigurationStore.swift in Sources */ = {isa = PBXBuildFile; fileRef = A20000000000000000000017 /* DisplayConfigurationStore.swift */; };
		A10000000000000000000013 /* DisplayConfigurationStore.swift in Sources */ = {isa = PBXBuildFile; fileRef = A20000000000000000000017 /* DisplayConfigurationStore.swift */; };
		A10000000000000000000014 /* DisplayConfigurationStoreTests.swift in Sources */ = {isa = PBXBuildFile; fileRef = A20000000000000000000018 /* DisplayConfigurationStoreTests.swift */; };
		A10000000000000000000019 /* DDCBackend.swift in Sources */ = {isa = PBXBuildFile; fileRef = A2000000000000000000001C /* DDCBackend.swift */; };
		A1000000000000000000001A /* DDCBackend.swift in Sources */ = {isa = PBXBuildFile; fileRef = A2000000000000000000001C /* DDCBackend.swift */; };
		A1000000000000000000001B /* DDCBackendTests.swift in Sources */ = {isa = PBXBuildFile; fileRef = A2000000000000000000001D /* DDCBackendTests.swift */; };
		A1000000000000000000001C /* PublicPresentationModels.swift in Sources */ = {isa = PBXBuildFile; fileRef = A2000000000000000000001E /* PublicPresentationModels.swift */; };
		A1000000000000000000001D /* PublicPresentationModels.swift in Sources */ = {isa = PBXBuildFile; fileRef = A2000000000000000000001E /* PublicPresentationModels.swift */; };
		A1000000000000000000001E /* PublicPresentationModelsTests.swift in Sources */ = {isa = PBXBuildFile; fileRef = A2000000000000000000001F /* PublicPresentationModelsTests.swift */; };
		A1000000000000000000001F /* PeerProtocolV2.swift in Sources */ = {isa = PBXBuildFile; fileRef = A20000000000000000000020 /* PeerProtocolV2.swift */; };
		A10000000000000000000020 /* PeerProtocolV2.swift in Sources */ = {isa = PBXBuildFile; fileRef = A20000000000000000000020 /* PeerProtocolV2.swift */; };
		A10000000000000000000021 /* HandoffV2StateMachine.swift in Sources */ = {isa = PBXBuildFile; fileRef = A20000000000000000000021 /* HandoffV2StateMachine.swift */; };
		A10000000000000000000022 /* HandoffV2StateMachine.swift in Sources */ = {isa = PBXBuildFile; fileRef = A20000000000000000000021 /* HandoffV2StateMachine.swift */; };
		A10000000000000000000023 /* PeerProtocolV2Tests.swift in Sources */ = {isa = PBXBuildFile; fileRef = A20000000000000000000022 /* PeerProtocolV2Tests.swift */; };
		A10000000000000000000024 /* HandoffV2StateMachineVectorTests.swift in Sources */ = {isa = PBXBuildFile; fileRef = A20000000000000000000023 /* HandoffV2StateMachineVectorTests.swift */; };
		A10000000000000000000025 /* contracts in Resources */ = {isa = PBXBuildFile; fileRef = A20000000000000000000024 /* contracts */; };
		A10000000000000000000026 /* DDCWriteCoordinator.swift in Sources */ = {isa = PBXBuildFile; fileRef = A20000000000000000000025 /* DDCWriteCoordinator.swift */; };
		A10000000000000000000027 /* DDCWriteCoordinator.swift in Sources */ = {isa = PBXBuildFile; fileRef = A20000000000000000000025 /* DDCWriteCoordinator.swift */; };
		A10000000000000000000028 /* DS007SettingsModels.swift in Sources */ = {isa = PBXBuildFile; fileRef = A20000000000000000000026 /* DS007SettingsModels.swift */; };
		A10000000000000000000029 /* DS007SettingsModels.swift in Sources */ = {isa = PBXBuildFile; fileRef = A20000000000000000000026 /* DS007SettingsModels.swift */; };
		A1000000000000000000002A /* DS007Tests.swift in Sources */ = {isa = PBXBuildFile; fileRef = A20000000000000000000027 /* DS007Tests.swift */; };
		A1000000000000000000002B /* LocalUSBSwitchCoordinator.swift in Sources */ = {isa = PBXBuildFile; fileRef = A20000000000000000000028 /* LocalUSBSwitchCoordinator.swift */; };
		A1000000000000000000002C /* LocalUSBSwitchCoordinator.swift in Sources */ = {isa = PBXBuildFile; fileRef = A20000000000000000000028 /* LocalUSBSwitchCoordinator.swift */; };
		A1000000000000000000002D /* LocalUSBSwitchTests.swift in Sources */ = {isa = PBXBuildFile; fileRef = A20000000000000000000029 /* LocalUSBSwitchTests.swift */; };
		A1000000000000000000002E /* USBMonitor.swift in Sources */ = {isa = PBXBuildFile; fileRef = A20000000000000000000005 /* USBMonitor.swift */; };
		A1000000000000000000002F /* PeerTransportTests.swift in Sources */ = {isa = PBXBuildFile; fileRef = A2000000000000000000002A /* PeerTransportTests.swift */; };
		A10000000000000000000030 /* InputSourceSwitching.swift in Sources */ = {isa = PBXBuildFile; fileRef = A2000000000000000000002B /* InputSourceSwitching.swift */; };
		A10000000000000000000031 /* InputSourceSwitching.swift in Sources */ = {isa = PBXBuildFile; fileRef = A2000000000000000000002B /* InputSourceSwitching.swift */; };
		A10000000000000000000032 /* InputSourceSwitchingTests.swift in Sources */ = {isa = PBXBuildFile; fileRef = A2000000000000000000002C /* InputSourceSwitchingTests.swift */; };
		A10000000000000000000033 /* DiagnosticRecording.swift in Sources */ = {isa = PBXBuildFile; fileRef = A2000000000000000000002D /* DiagnosticRecording.swift */; };
		A10000000000000000000034 /* DiagnosticRecording.swift in Sources */ = {isa = PBXBuildFile; fileRef = A2000000000000000000002D /* DiagnosticRecording.swift */; };
		A10000000000000000000035 /* DiagnosticRecordingTests.swift in Sources */ = {isa = PBXBuildFile; fileRef = A2000000000000000000002E /* DiagnosticRecordingTests.swift */; };
		A10000000000000000000036 /* MediaKeyDDC.swift in Sources */ = {isa = PBXBuildFile; fileRef = A2000000000000000000002F /* MediaKeyDDC.swift */; };
		A10000000000000000000037 /* MediaKeyDDC.swift in Sources */ = {isa = PBXBuildFile; fileRef = A2000000000000000000002F /* MediaKeyDDC.swift */; };
		A10000000000000000000038 /* MediaKeyDDCTests.swift in Sources */ = {isa = PBXBuildFile; fileRef = A20000000000000000000030 /* MediaKeyDDCTests.swift */; };
		A10000000000000000000039 /* CoreAudio.framework in Frameworks */ = {isa = PBXBuildFile; fileRef = A20000000000000000000031 /* CoreAudio.framework */; };
/* End PBXBuildFile section */

/* Begin PBXContainerItemProxy section */
/* End PBXContainerItemProxy section */

/* Begin PBXFileReference section */
		A20000000000000000000001 /* main.swift */ = {isa = PBXFileReference; lastKnownFileType = sourcecode.swift; path = main.swift; sourceTree = "<group>"; };
		A20000000000000000000002 /* AppPreferences.swift */ = {isa = PBXFileReference; lastKnownFileType = sourcecode.swift; path = AppPreferences.swift; sourceTree = "<group>"; };
		A20000000000000000000003 /* PeerTransport.swift */ = {isa = PBXFileReference; lastKnownFileType = sourcecode.swift; path = PeerTransport.swift; sourceTree = "<group>"; };
		A20000000000000000000004 /* SettingsWindowController.swift */ = {isa = PBXFileReference; lastKnownFileType = sourcecode.swift; path = SettingsWindowController.swift; sourceTree = "<group>"; };
		A20000000000000000000005 /* USBMonitor.swift */ = {isa = PBXFileReference; lastKnownFileType = sourcecode.swift; path = USBMonitor.swift; sourceTree = "<group>"; };
		A20000000000000000000006 /* AppIcon.icns */ = {isa = PBXFileReference; lastKnownFileType = image.icns; path = AppIcon.icns; sourceTree = "<group>"; };
		A20000000000000000000007 /* AppIcon.png */ = {isa = PBXFileReference; lastKnownFileType = image.png; path = AppIcon.png; sourceTree = "<group>"; };
		A20000000000000000000009 /* AppKit.framework */ = {isa = PBXFileReference; lastKnownFileType = wrapper.framework; name = AppKit.framework; path = System/Library/Frameworks/AppKit.framework; sourceTree = SDKROOT; };
		A2000000000000000000000A /* IOKit.framework */ = {isa = PBXFileReference; lastKnownFileType = wrapper.framework; name = IOKit.framework; path = System/Library/Frameworks/IOKit.framework; sourceTree = SDKROOT; };
		A2000000000000000000000B /* Network.framework */ = {isa = PBXFileReference; lastKnownFileType = wrapper.framework; name = Network.framework; path = System/Library/Frameworks/Network.framework; sourceTree = SDKROOT; };
		A2000000000000000000000C /* ServiceManagement.framework */ = {isa = PBXFileReference; lastKnownFileType = wrapper.framework; name = ServiceManagement.framework; path = System/Library/Frameworks/ServiceManagement.framework; sourceTree = SDKROOT; };
		A2000000000000000000000D /* XCTest.framework */ = {isa = PBXFileReference; lastKnownFileType = wrapper.framework; name = XCTest.framework; path = Platforms/MacOSX.platform/Developer/Library/Frameworks/XCTest.framework; sourceTree = DEVELOPER_DIR; };
		A2000000000000000000000E /* Info.plist */ = {isa = PBXFileReference; lastKnownFileType = text.plist.xml; path = Info.plist; sourceTree = "<group>"; };
		A2000000000000000000000F /* SFlip.app */ = {isa = PBXFileReference; explicitFileType = wrapper.application; includeInIndex = 0; path = SFlip.app; sourceTree = BUILT_PRODUCTS_DIR; };
		A20000000000000000000010 /* DisplaySwitcherTests.xctest */ = {isa = PBXFileReference; explicitFileType = wrapper.cfbundle; includeInIndex = 0; path = DisplaySwitcherTests.xctest; sourceTree = BUILT_PRODUCTS_DIR; };
		A20000000000000000000012 /* build-app.sh */ = {isa = PBXFileReference; lastKnownFileType = text.script.sh; path = "build-app.sh"; sourceTree = "<group>"; };
		A20000000000000000000013 /* DDCController.swift */ = {isa = PBXFileReference; lastKnownFileType = sourcecode.swift; path = DDCController.swift; sourceTree = "<group>"; };
		A20000000000000000000014 /* NativeDDC.swift */ = {isa = PBXFileReference; lastKnownFileType = sourcecode.swift; path = NativeDDC.swift; sourceTree = "<group>"; };
		A20000000000000000000015 /* NativeDDCBridge.h */ = {isa = PBXFileReference; lastKnownFileType = sourcecode.c.h; path = NativeDDCBridge.h; sourceTree = "<group>"; };
		A20000000000000000000016 /* CoreDisplay.framework */ = {isa = PBXFileReference; lastKnownFileType = wrapper.framework; name = CoreDisplay.framework; path = System/Library/Frameworks/CoreDisplay.framework; sourceTree = SDKROOT; };
		A20000000000000000000017 /* DisplayConfigurationStore.swift */ = {isa = PBXFileReference; lastKnownFileType = sourcecode.swift; path = DisplayConfigurationStore.swift; sourceTree = "<group>"; };
		A20000000000000000000018 /* DisplayConfigurationStoreTests.swift */ = {isa = PBXFileReference; lastKnownFileType = sourcecode.swift; path = DisplayConfigurationStoreTests.swift; sourceTree = "<group>"; };
		A2000000000000000000001C /* DDCBackend.swift */ = {isa = PBXFileReference; lastKnownFileType = sourcecode.swift; path = DDCBackend.swift; sourceTree = "<group>"; };
		A2000000000000000000001D /* DDCBackendTests.swift */ = {isa = PBXFileReference; lastKnownFileType = sourcecode.swift; path = DDCBackendTests.swift; sourceTree = "<group>"; };
		A2000000000000000000001E /* PublicPresentationModels.swift */ = {isa = PBXFileReference; lastKnownFileType = sourcecode.swift; path = PublicPresentationModels.swift; sourceTree = "<group>"; };
		A2000000000000000000001F /* PublicPresentationModelsTests.swift */ = {isa = PBXFileReference; lastKnownFileType = sourcecode.swift; path = PublicPresentationModelsTests.swift; sourceTree = "<group>"; };
		A20000000000000000000020 /* PeerProtocolV2.swift */ = {isa = PBXFileReference; lastKnownFileType = sourcecode.swift; path = PeerProtocolV2.swift; sourceTree = "<group>"; };
		A20000000000000000000021 /* HandoffV2StateMachine.swift */ = {isa = PBXFileReference; lastKnownFileType = sourcecode.swift; path = HandoffV2StateMachine.swift; sourceTree = "<group>"; };
		A20000000000000000000022 /* PeerProtocolV2Tests.swift */ = {isa = PBXFileReference; lastKnownFileType = sourcecode.swift; path = PeerProtocolV2Tests.swift; sourceTree = "<group>"; };
		A20000000000000000000023 /* HandoffV2StateMachineVectorTests.swift */ = {isa = PBXFileReference; lastKnownFileType = sourcecode.swift; path = HandoffV2StateMachineVectorTests.swift; sourceTree = "<group>"; };
		A20000000000000000000024 /* contracts */ = {isa = PBXFileReference; lastKnownFileType = folder; name = contracts; path = ../contracts; sourceTree = SOURCE_ROOT; };
		A20000000000000000000025 /* DDCWriteCoordinator.swift */ = {isa = PBXFileReference; lastKnownFileType = sourcecode.swift; path = DDCWriteCoordinator.swift; sourceTree = "<group>"; };
		A20000000000000000000026 /* DS007SettingsModels.swift */ = {isa = PBXFileReference; lastKnownFileType = sourcecode.swift; path = DS007SettingsModels.swift; sourceTree = "<group>"; };
		A20000000000000000000027 /* DS007Tests.swift */ = {isa = PBXFileReference; lastKnownFileType = sourcecode.swift; path = DS007Tests.swift; sourceTree = "<group>"; };
		A20000000000000000000028 /* LocalUSBSwitchCoordinator.swift */ = {isa = PBXFileReference; lastKnownFileType = sourcecode.swift; path = LocalUSBSwitchCoordinator.swift; sourceTree = "<group>"; };
		A20000000000000000000029 /* LocalUSBSwitchTests.swift */ = {isa = PBXFileReference; lastKnownFileType = sourcecode.swift; path = LocalUSBSwitchTests.swift; sourceTree = "<group>"; };
		A2000000000000000000002A /* PeerTransportTests.swift */ = {isa = PBXFileReference; lastKnownFileType = sourcecode.swift; path = PeerTransportTests.swift; sourceTree = "<group>"; };
		A2000000000000000000002B /* InputSourceSwitching.swift */ = {isa = PBXFileReference; lastKnownFileType = sourcecode.swift; path = InputSourceSwitching.swift; sourceTree = "<group>"; };
		A2000000000000000000002C /* InputSourceSwitchingTests.swift */ = {isa = PBXFileReference; lastKnownFileType = sourcecode.swift; path = InputSourceSwitchingTests.swift; sourceTree = "<group>"; };
		A2000000000000000000002D /* DiagnosticRecording.swift */ = {isa = PBXFileReference; lastKnownFileType = sourcecode.swift; path = DiagnosticRecording.swift; sourceTree = "<group>"; };
		A2000000000000000000002E /* DiagnosticRecordingTests.swift */ = {isa = PBXFileReference; lastKnownFileType = sourcecode.swift; path = DiagnosticRecordingTests.swift; sourceTree = "<group>"; };
		A2000000000000000000002F /* MediaKeyDDC.swift */ = {isa = PBXFileReference; lastKnownFileType = sourcecode.swift; path = MediaKeyDDC.swift; sourceTree = "<group>"; };
		A20000000000000000000030 /* MediaKeyDDCTests.swift */ = {isa = PBXFileReference; lastKnownFileType = sourcecode.swift; path = MediaKeyDDCTests.swift; sourceTree = "<group>"; };
		A20000000000000000000031 /* CoreAudio.framework */ = {isa = PBXFileReference; lastKnownFileType = wrapper.framework; name = CoreAudio.framework; path = System/Library/Frameworks/CoreAudio.framework; sourceTree = SDKROOT; };
/* End PBXFileReference section */

/* Begin PBXFrameworksBuildPhase section */
		A60000000000000000000001 /* Frameworks */ = {
			isa = PBXFrameworksBuildPhase;
			buildActionMask = 2147483647;
			files = (
				A10000000000000000000008 /* AppKit.framework in Frameworks */,
				A10000000000000000000009 /* IOKit.framework in Frameworks */,
				A10000000000000000000011 /* CoreDisplay.framework in Frameworks */,
				A1000000000000000000000A /* Network.framework in Frameworks */,
				A1000000000000000000000B /* ServiceManagement.framework in Frameworks */,
				A10000000000000000000039 /* CoreAudio.framework in Frameworks */,
			);
			runOnlyForDeploymentPostprocessing = 0;
		};
		A60000000000000000000002 /* Frameworks */ = {
			isa = PBXFrameworksBuildPhase;
			buildActionMask = 2147483647;
			files = (A1000000000000000000000D /* XCTest.framework in Frameworks */,);
			runOnlyForDeploymentPostprocessing = 0;
		};
/* End PBXFrameworksBuildPhase section */

/* Begin PBXGroup section */
		A70000000000000000000001 = {
			isa = PBXGroup;
			children = (
				A70000000000000000000002 /* Sources */,
				A70000000000000000000003 /* Resources */,
				A70000000000000000000004 /* Tests */,
				A70000000000000000000005 /* Frameworks */,
				A70000000000000000000006 /* Scripts */,
				A70000000000000000000007 /* Products */,
			);
			sourceTree = "<group>";
		};
		A70000000000000000000002 /* Sources */ = {
			isa = PBXGroup;
			children = (A70000000000000000000008 /* DisplaySwitcher */,);
			path = Sources;
			sourceTree = "<group>";
		};
		A70000000000000000000008 /* DisplaySwitcher */ = {
			isa = PBXGroup;
			children = (
				A20000000000000000000001 /* main.swift */,
				A20000000000000000000002 /* AppPreferences.swift */,
				A2000000000000000000002D /* DiagnosticRecording.swift */,
				A20000000000000000000003 /* PeerTransport.swift */,
				A20000000000000000000004 /* SettingsWindowController.swift */,
				A20000000000000000000005 /* USBMonitor.swift */,
				A20000000000000000000020 /* PeerProtocolV2.swift */,
				A20000000000000000000021 /* HandoffV2StateMachine.swift */,
				A20000000000000000000013 /* DDCController.swift */,
				A2000000000000000000001C /* DDCBackend.swift */,
				A20000000000000000000025 /* DDCWriteCoordinator.swift */,
				A20000000000000000000026 /* DS007SettingsModels.swift */,
				A20000000000000000000028 /* LocalUSBSwitchCoordinator.swift */,
				A2000000000000000000002B /* InputSourceSwitching.swift */,
				A2000000000000000000002F /* MediaKeyDDC.swift */,
				A20000000000000000000014 /* NativeDDC.swift */,
				A20000000000000000000015 /* NativeDDCBridge.h */,
				A20000000000000000000017 /* DisplayConfigurationStore.swift */,
				A2000000000000000000001E /* PublicPresentationModels.swift */,
			);
			path = DisplaySwitcher;
			sourceTree = "<group>";
		};
		A70000000000000000000003 /* Resources */ = {
			isa = PBXGroup;
			children = (
				A2000000000000000000000E /* Info.plist */,
				A20000000000000000000006 /* AppIcon.icns */,
				A20000000000000000000007 /* AppIcon.png */,
			);
			path = Resources;
			sourceTree = "<group>";
		};
		A70000000000000000000004 /* Tests */ = {
			isa = PBXGroup;
			children = (
				A70000000000000000000009 /* DisplaySwitcherTests */,
				A20000000000000000000024 /* contracts */,
			);
			path = Tests;
			sourceTree = "<group>";
		};
		A70000000000000000000009 /* DisplaySwitcherTests */ = {
			isa = PBXGroup;
			children = (
				A20000000000000000000018 /* DisplayConfigurationStoreTests.swift */,
				A2000000000000000000001D /* DDCBackendTests.swift */,
				A2000000000000000000001F /* PublicPresentationModelsTests.swift */,
				A20000000000000000000022 /* PeerProtocolV2Tests.swift */,
				A20000000000000000000023 /* HandoffV2StateMachineVectorTests.swift */,
				A20000000000000000000027 /* DS007Tests.swift */,
				A20000000000000000000029 /* LocalUSBSwitchTests.swift */,
				A2000000000000000000002A /* PeerTransportTests.swift */,
				A2000000000000000000002C /* InputSourceSwitchingTests.swift */,
				A2000000000000000000002E /* DiagnosticRecordingTests.swift */,
				A20000000000000000000030 /* MediaKeyDDCTests.swift */,
			);
			path = DisplaySwitcherTests;
			sourceTree = "<group>";
		};
		A70000000000000000000005 /* Frameworks */ = {
			isa = PBXGroup;
			children = (
				A20000000000000000000009 /* AppKit.framework */,
				A2000000000000000000000A /* IOKit.framework */,
				A20000000000000000000016 /* CoreDisplay.framework */,
				A2000000000000000000000B /* Network.framework */,
				A2000000000000000000000C /* ServiceManagement.framework */,
				A20000000000000000000031 /* CoreAudio.framework */,
				A2000000000000000000000D /* XCTest.framework */,
			);
			name = Frameworks;
			sourceTree = "<group>";
		};
		A70000000000000000000006 /* Scripts */ = {
			isa = PBXGroup;
			children = (A20000000000000000000012 /* build-app.sh */,);
			path = scripts;
			sourceTree = "<group>";
		};
		A70000000000000000000007 /* Products */ = {
			isa = PBXGroup;
			children = (
				A2000000000000000000000F /* SFlip.app */,
				A20000000000000000000010 /* DisplaySwitcherTests.xctest */,
			);
			name = Products;
			sourceTree = "<group>";
		};
/* End PBXGroup section */

/* Begin PBXNativeTarget section */
		A50000000000000000000001 /* DisplaySwitcher */ = {
			isa = PBXNativeTarget;
			buildConfigurationList = AB0000000000000000000001 /* Build configuration list for PBXNativeTarget "DisplaySwitcher" */;
			buildPhases = (
				A80000000000000000000001 /* Sources */,
				A60000000000000000000001 /* Frameworks */,
				A90000000000000000000001 /* Resources */,
			);
			buildRules = ();
			dependencies = ();
			name = DisplaySwitcher;
			productName = DisplaySwitcher;
			productReference = A2000000000000000000000F /* SFlip.app */;
			productType = "com.apple.product-type.application";
		};
		A50000000000000000000002 /* DisplaySwitcherTests */ = {
			isa = PBXNativeTarget;
			buildConfigurationList = AB0000000000000000000002 /* Build configuration list for PBXNativeTarget "DisplaySwitcherTests" */;
			buildPhases = (
				A80000000000000000000002 /* Sources */,
				A60000000000000000000002 /* Frameworks */,
				A90000000000000000000002 /* Resources */,
			);
			buildRules = ();
			dependencies = ();
			name = DisplaySwitcherTests;
			productName = DisplaySwitcherTests;
			productReference = A20000000000000000000010 /* DisplaySwitcherTests.xctest */;
			productType = "com.apple.product-type.bundle.unit-test";
		};
/* End PBXNativeTarget section */

/* Begin PBXProject section */
		A40000000000000000000001 /* Project object */ = {
			isa = PBXProject;
			attributes = {
				BuildIndependentTargetsInParallel = 1;
				LastSwiftUpdateCheck = 1600;
				LastUpgradeCheck = 1600;
				TargetAttributes = {
					A50000000000000000000001 = {CreatedOnToolsVersion = 16.0;};
					A50000000000000000000002 = {CreatedOnToolsVersion = 16.0; TestTargetID = A50000000000000000000001;};
				};
			};
			buildConfigurationList = AB0000000000000000000003 /* Build configuration list for PBXProject "DisplaySwitcher" */;
			compatibilityVersion = "Xcode 14.0";
			developmentRegion = en;
			hasScannedForEncodings = 0;
			knownRegions = (en, Base,);
			mainGroup = A70000000000000000000001;
			productRefGroup = A70000000000000000000007 /* Products */;
			projectDirPath = "";
			projectRoot = "";
			targets = (
				A50000000000000000000001 /* DisplaySwitcher */,
				A50000000000000000000002 /* DisplaySwitcherTests */,
			);
		};
/* End PBXProject section */

/* Begin PBXResourcesBuildPhase section */
		A90000000000000000000001 /* Resources */ = {
			isa = PBXResourcesBuildPhase;
			buildActionMask = 2147483647;
			files = (
				A10000000000000000000006 /* AppIcon.icns in Resources */,
				A10000000000000000000007 /* AppIcon.png in Resources */,
			);
			runOnlyForDeploymentPostprocessing = 0;
		};
		A90000000000000000000002 /* Resources */ = {
			isa = PBXResourcesBuildPhase;
			buildActionMask = 2147483647;
			files = (A10000000000000000000025 /* contracts in Resources */,);
			runOnlyForDeploymentPostprocessing = 0;
		};
/* End PBXResourcesBuildPhase section */

/* Begin PBXSourcesBuildPhase section */
		A80000000000000000000001 /* Sources */ = {
			isa = PBXSourcesBuildPhase;
			buildActionMask = 2147483647;
			files = (
				A10000000000000000000001 /* main.swift in Sources */,
				A10000000000000000000002 /* AppPreferences.swift in Sources */,
				A10000000000000000000033 /* DiagnosticRecording.swift in Sources */,
				A10000000000000000000003 /* PeerTransport.swift in Sources */,
				A10000000000000000000004 /* SettingsWindowController.swift in Sources */,
				A10000000000000000000005 /* USBMonitor.swift in Sources */,
				A1000000000000000000001F /* PeerProtocolV2.swift in Sources */,
				A10000000000000000000021 /* HandoffV2StateMachine.swift in Sources */,
				A1000000000000000000000F /* DDCController.swift in Sources */,
				A10000000000000000000019 /* DDCBackend.swift in Sources */,
				A10000000000000000000026 /* DDCWriteCoordinator.swift in Sources */,
				A10000000000000000000028 /* DS007SettingsModels.swift in Sources */,
				A1000000000000000000002B /* LocalUSBSwitchCoordinator.swift in Sources */,
				A10000000000000000000030 /* InputSourceSwitching.swift in Sources */,
				A10000000000000000000036 /* MediaKeyDDC.swift in Sources */,
				A10000000000000000000010 /* NativeDDC.swift in Sources */,
				A10000000000000000000012 /* DisplayConfigurationStore.swift in Sources */,
				A1000000000000000000001C /* PublicPresentationModels.swift in Sources */,
			);
			runOnlyForDeploymentPostprocessing = 0;
		};
		A80000000000000000000002 /* Sources */ = {isa = PBXSourcesBuildPhase; buildActionMask = 2147483647; files = (A1000000000000000000000E /* PeerTransport.swift in Sources */, A1000000000000000000002F /* PeerTransportTests.swift in Sources */, A10000000000000000000013 /* DisplayConfigurationStore.swift in Sources */, A10000000000000000000014 /* DisplayConfigurationStoreTests.swift in Sources */, A1000000000000000000001A /* DDCBackend.swift in Sources */, A1000000000000000000001B /* DDCBackendTests.swift in Sources */, A10000000000000000000027 /* DDCWriteCoordinator.swift in Sources */, A10000000000000000000029 /* DS007SettingsModels.swift in Sources */, A1000000000000000000002A /* DS007Tests.swift in Sources */, A1000000000000000000002C /* LocalUSBSwitchCoordinator.swift in Sources */, A1000000000000000000002D /* LocalUSBSwitchTests.swift in Sources */, A1000000000000000000002E /* USBMonitor.swift in Sources */, A10000000000000000000031 /* InputSourceSwitching.swift in Sources */, A10000000000000000000032 /* InputSourceSwitchingTests.swift in Sources */, A10000000000000000000034 /* DiagnosticRecording.swift in Sources */, A10000000000000000000035 /* DiagnosticRecordingTests.swift in Sources */, A10000000000000000000037 /* MediaKeyDDC.swift in Sources */, A10000000000000000000038 /* MediaKeyDDCTests.swift in Sources */, A1000000000000000000001D /* PublicPresentationModels.swift in Sources */, A1000000000000000000001E /* PublicPresentationModelsTests.swift in Sources */, A10000000000000000000020 /* PeerProtocolV2.swift in Sources */, A10000000000000000000022 /* HandoffV2StateMachine.swift in Sources */, A10000000000000000000023 /* PeerProtocolV2Tests.swift in Sources */, A10000000000000000000024 /* HandoffV2StateMachineVectorTests.swift in Sources */,); runOnlyForDeploymentPostprocessing = 0;};
/* End PBXSourcesBuildPhase section */

/* Begin XCBuildConfiguration section */
		AC0000000000000000000001 /* Debug */ = {
			isa = XCBuildConfiguration;
			buildSettings = {
				ARCHS = "$(ARCHS_STANDARD)";
				CODE_SIGNING_ALLOWED = NO;
				CODE_SIGNING_REQUIRED = NO;
				ENABLE_APP_SANDBOX = NO;
				ENABLE_HARDENED_RUNTIME = NO;
				ENABLE_TESTABILITY = YES;
				GENERATE_INFOPLIST_FILE = NO;
				INFOPLIST_FILE = Resources/Info.plist;
				LD_RUNPATH_SEARCH_PATHS = "$(inherited) @executable_path/../Frameworks";
				MACOSX_DEPLOYMENT_TARGET = 12.0;
				PRODUCT_BUNDLE_IDENTIFIER = local.maizi.DisplaySwitcher;
				PRODUCT_NAME = SFlip;
				PRODUCT_MODULE_NAME = DisplaySwitcher;
				SWIFT_OBJC_BRIDGING_HEADER = Sources/DisplaySwitcher/NativeDDCBridge.h;
				SWIFT_OPTIMIZATION_LEVEL = "-Onone";
				SWIFT_VERSION = 5.0;
			};
			name = Debug;
		};
		AC0000000000000000000002 /* Release */ = {
			isa = XCBuildConfiguration;
			buildSettings = {
				ARCHS = "$(ARCHS_STANDARD)";
				CODE_SIGNING_ALLOWED = NO;
				CODE_SIGNING_REQUIRED = NO;
				ENABLE_APP_SANDBOX = NO;
				ENABLE_HARDENED_RUNTIME = NO;
				GENERATE_INFOPLIST_FILE = NO;
				INFOPLIST_FILE = Resources/Info.plist;
				LD_RUNPATH_SEARCH_PATHS = "$(inherited) @executable_path/../Frameworks";
				MACOSX_DEPLOYMENT_TARGET = 12.0;
				PRODUCT_BUNDLE_IDENTIFIER = local.maizi.DisplaySwitcher;
				PRODUCT_NAME = SFlip;
				PRODUCT_MODULE_NAME = DisplaySwitcher;
				SWIFT_OBJC_BRIDGING_HEADER = Sources/DisplaySwitcher/NativeDDCBridge.h;
				SWIFT_COMPILATION_MODE = wholemodule;
				SWIFT_OPTIMIZATION_LEVEL = "-O";
				SWIFT_VERSION = 5.0;
			};
			name = Release;
		};
		AC0000000000000000000003 /* Debug */ = {
			isa = XCBuildConfiguration;
			buildSettings = {
				CODE_SIGNING_ALLOWED = NO;
				GENERATE_INFOPLIST_FILE = YES;
				MACOSX_DEPLOYMENT_TARGET = 12.0;
				PRODUCT_BUNDLE_IDENTIFIER = local.maizi.DisplaySwitcherTests;
				PRODUCT_NAME = "$(TARGET_NAME)";
				SWIFT_VERSION = 5.0;
			};
			name = Debug;
		};
		AC0000000000000000000004 /* Release */ = {
			isa = XCBuildConfiguration;
			buildSettings = {
				CODE_SIGNING_ALLOWED = NO;
				GENERATE_INFOPLIST_FILE = YES;
				MACOSX_DEPLOYMENT_TARGET = 12.0;
				PRODUCT_BUNDLE_IDENTIFIER = local.maizi.DisplaySwitcherTests;
				PRODUCT_NAME = "$(TARGET_NAME)";
				SWIFT_VERSION = 5.0;
			};
			name = Release;
		};
		AC0000000000000000000005 /* Debug */ = {
			isa = XCBuildConfiguration;
			buildSettings = {
				CLANG_ENABLE_MODULES = YES;
				MACOSX_DEPLOYMENT_TARGET = 12.0;
				ONLY_ACTIVE_ARCH = YES;
				SDKROOT = macosx;
				SWIFT_ACTIVE_COMPILATION_CONDITIONS = DEBUG;
			};
			name = Debug;
		};
		AC0000000000000000000006 /* Release */ = {
			isa = XCBuildConfiguration;
			buildSettings = {
				CLANG_ENABLE_MODULES = YES;
				MACOSX_DEPLOYMENT_TARGET = 12.0;
				SDKROOT = macosx;
			};
			name = Release;
		};
/* End XCBuildConfiguration section */

/* Begin XCConfigurationList section */
		AB0000000000000000000001 /* Build configuration list for PBXNativeTarget "DisplaySwitcher" */ = {isa = XCConfigurationList; buildConfigurations = (AC0000000000000000000001 /* Debug */, AC0000000000000000000002 /* Release */,); defaultConfigurationIsVisible = 0; defaultConfigurationName = Release;};
		AB0000000000000000000002 /* Build configuration list for PBXNativeTarget "DisplaySwitcherTests" */ = {isa = XCConfigurationList; buildConfigurations = (AC0000000000000000000003 /* Debug */, AC0000000000000000000004 /* Release */,); defaultConfigurationIsVisible = 0; defaultConfigurationName = Release;};
		AB0000000000000000000003 /* Build configuration list for PBXProject "DisplaySwitcher" */ = {isa = XCConfigurationList; buildConfigurations = (AC0000000000000000000005 /* Debug */, AC0000000000000000000006 /* Release */,); defaultConfigurationIsVisible = 0; defaultConfigurationName = Release;};
/* End XCConfigurationList section */
	};
	rootObject = A40000000000000000000001 /* Project object */;
}
